<?xml version="1.0" encoding="utf-8"?>
<Project ToolsVersion="4.0" xmlns="http://schemas.microsoft.com/developer/msbuild/2003">
  <ItemGroup>
    <Filter Include="Source Files">
      <UniqueIdentifier>{4FC737F1-C7A5-4376-A066-2A32D752A2FF}</UniqueIdentifier>
      <Extensions>cpp;c;cc;cxx;c++;cppm;ixx;def;odl;idl;hpj;bat;asm;asmx</Extensions>
    </Filter>
    <Filter Include="Header Files">
      <UniqueIdentifier>{93995380-89BD-4b04-88EB-625FBE52EBFB}</UniqueIdentifier>
      <Extensions>h;hh;hpp;hxx;h++;hm;inl;inc;ipp;xsd</Extensions>
    </Filter>
    <Filter Include="Resource Files">
      <UniqueIdentifier>{67DA6AB6-F800-4c08-8B7A-83BB121AAD01}</UniqueIdentifier>
      <Extensions>rc;ico;cur;bmp;dlg;rc2;rct;bin;rgs;gif;jpg;jpeg;jpe;resx;tiff;tif;png;wav;mfcribbon-ms</Extensions>
    </Filter>
  </ItemGroup>
  <ItemGroup>
    <ClCompile Include="xll_option.cpp">
      <Filter>Source Files</Filter>
    </ClCompile>
    <ClCompile Include="fms_variate_normal.t.cpp">
      <Filter>Source Files</Filter>
    </ClCompile>
    <ClCompile Include="fms_option.t.cpp">
      <Filter>Source Files</Filter>
    </ClCompile>
    <ClCompile Include="xll_pwflat.cpp">
      <Filter>Source Files</Filter>
    </ClCompile>
    <ClCompile Include="xll_variate.cpp">
      <Filter>Source Files</Filter>
    </ClCompile>
    <ClCompile Include="xll_variate_normal.cpp">
      <Filter>Source Files</Filter>
    </ClCompile>
    <ClCompile Include="fms_binomial.t.cpp">
      <Filter>Source Files</Filter>
    </ClCompile>
    <ClCompile Include="xll_variate_triangular.cpp">
      <Filter>Source Files</Filter>
    </ClCompile>
    <ClCompile Include="xll_FRE6233.cpp">
      <Filter>Source Files</Filter>
    </ClCompile>
  </ItemGroup>
  <ItemGroup>
    <ClInclude Include="fms_option.h">
      <Filter>Header Files</Filter>
    </ClInclude>
    <ClInclude Include="fms_derivative.h">
      <Filter>Header Files</Filter>
    </ClInclude>
    <ClInclude Include="fms_variate_normal.h">
      <Filter>Header Files</Filter>
    </ClInclude>
    <ClInclude Include="fms_pwflat.h">
      <Filter>Header Files</Filter>
    </ClInclude>
    <ClInclude Include="fms_binomial.h">
      <Filter>Header Files</Filter>
    </ClInclude>
    <ClInclude Include="fms_variate.h">
      <Filter>Header Files</Filter>
    </ClInclude>
    <ClInclude Include="fms_variate_triangular.h">
      <Filter>Header Files</Filter>
    </ClInclude>
    <ClInclude Include="xll_FRE6233.h">
      <Filter>Header Files</Filter>
    </ClInclude>
    <ClInclude Include="fms_monte_carlo.h">
      <Filter>Header Files</Filter>
    </ClInclude>
  </ItemGroup>
</Project>